
Microsoft Visual Studio Solution File, Format Version 12.00
# Visual Studio Version 17
VisualStudioVersion = 17.5.33516.290
MinimumVisualStudioVersion = 10.0.40219.1
Project("{FAE04EC0-301F-11D3-BF4B-00C04F79EFBC}") = "git_visual", "git_visual\git_visual.csproj", "{BA4AC762-7265-4CFB-9DA4-DAD25BC15B99}"
EndProject
Global
	GlobalSection(SolutionConfigurationPlatforms) = preSolution
		Debug|Any CPU = Debug|Any CPU
		Release|Any CPU = Release|Any CPU
	EndGlobalSection
	GlobalSection(ProjectConfigurationPlatforms) = postSolution
		{BA4AC762-7265-4CFB-9DA4-DAD25BC15B99}.Debug|Any CPU.ActiveCfg = Debug|Any CPU
		{BA4AC762-7265-4CFB-9DA4-DAD25BC15B99}.Debug|Any CPU.Build.0 = Debug|Any CPU
		{BA4AC762-7265-4CFB-9DA4-DAD25BC15B99}.Release|Any CPU.ActiveCfg = Release|Any CPU
		{BA4AC762-7265-4CFB-9DA4-DAD25BC15B99}.Release|Any CPU.Build.0 = Release|Any CPU
	EndGlobalSection
	GlobalSection(SolutionProperties) = preSolution
		HideSolutionNode = FALSE
	EndGlobalSection
	GlobalSection(ExtensibilityGlobals) = postSolution
		SolutionGuid = {B8728E69-0E62-44D8-9A50-4A813B74CE2D}
	EndGlobalSection
EndGlobal
